{
  "nodes": {
    "nixpkgs": {
      "locked": {
        "lastModified": 1637874235,
        "narHash": "sha256-M6JwoPBCv6BOMMD0iiUYfMuoEQ0/QfbSpaH/0JKqHPI=",
        "owner": "NixOS",
        "repo": "nixpkgs",
        "rev": "b47648f6c820e9d814f4633d3acaea07019652df",
        "type": "github"
      },
      "original": {
        "id": "nixpkgs",
        "type": "indirect"
      }
    },
    "root": {
      "inputs": {
        "nixpkgs": "nixpkgs",
        "utils": "utils"
      }
    },
    "utils": {
      "locked": {
        "lastModified": 1637014545,
        "narHash": "sha256-26IZAc5yzlD9FlDT54io1oqG/bBoyka+FJk5guaX4x4=",
        "owner": "numtide",
        "repo": "flake-utils",
        "rev": "bba5dcc8e0b20ab664967ad83d24d64cb64ec4f4",
        "type": "github"
      },
      "original": {
        "owner": "numtide",
        "repo": "flake-utils",
        "type": "github"
      }
    }
  },
  "root": "root",
  "version": 7
}
